
Microsoft Visual Studio Solution File, Format Version 12.00
# Visual Studio Version 17
VisualStudioVersion = 17.8.34601.278
MinimumVisualStudioVersion = 10.0.40219.1
Project("{FAE04EC0-301F-11D3-BF4B-00C04F79EFBC}") = "Ftp_Server", "Ftp_Server.csproj", "{F04FA7A2-5E78-4449-910B-2ACB1B140615}"
EndProject
Global
	GlobalSection(SolutionConfigurationPlatforms) = preSolution
		Debug|Any CPU = Debug|Any CPU
		Release|Any CPU = Release|Any CPU
	EndGlobalSection
	GlobalSection(ProjectConfigurationPlatforms) = postSolution
		{F04FA7A2-5E78-4449-910B-2ACB1B140615}.Debug|Any CPU.ActiveCfg = Debug|Any CPU
		{F04FA7A2-5E78-4449-910B-2ACB1B140615}.Debug|Any CPU.Build.0 = Debug|Any CPU
		{F04FA7A2-5E78-4449-910B-2ACB1B140615}.Release|Any CPU.ActiveCfg = Release|Any CPU
		{F04FA7A2-5E78-4449-910B-2ACB1B140615}.Release|Any CPU.Build.0 = Release|Any CPU
	EndGlobalSection
	GlobalSection(SolutionProperties) = preSolution
		HideSolutionNode = FALSE
	EndGlobalSection
	GlobalSection(ExtensibilityGlobals) = postSolution
		SolutionGuid = {E64D87A8-38F9-4D9A-9E2B-19A98E31CACD}
	EndGlobalSection
EndGlobal
